// !$*UTF8*$!
{
"archiveVersion" = "1";
"classes" = {
};
"objectVersion" = "56";
"objects" = {
"C840D118DAEAC8FCE5A8BBF6" = {
"isa" = "PBXFileReference";
"lastKnownFileType" = "wrapper.framework";
"path" = "Vendor/Sparkle.framework";
"sourceTree" = "<group>";
};
"DA574B11ACF85E9A3EEC8778" = {
"isa" = "PBXFileReference";
"lastKnownFileType" = "sourcecode.swift";
"path" = "App/AIPulseApp.swift";
"sourceTree" = "<group>";
};
"7BAAB1AFDD713EAD85DA267B" = {
"isa" = "PBXFileReference";
"lastKnownFileType" = "sourcecode.swift";
"path" = "App/BrowserSession.swift";
"sourceTree" = "<group>";
};
"A320AB13C5121522EFA229FF" = {
"isa" = "PBXFileReference";
"lastKnownFileType" = "sourcecode.swift";
"path" = "App/ConnectionsView.swift";
"sourceTree" = "<group>";
};
"A6C27248FF597AAFB92A53B0" = {
"isa" = "PBXFileReference";
"lastKnownFileType" = "sourcecode.swift";
"path" = "App/Credentials.swift";
"sourceTree" = "<group>";
};
"5722A5B09F2265ADED4227F7" = {
"isa" = "PBXFileReference";
"lastKnownFileType" = "sourcecode.swift";
"path" = "App/PulseStore.swift";
"sourceTree" = "<group>";
};
"C003F539E317294237DC84D0" = {
"isa" = "PBXFileReference";
"lastKnownFileType" = "sourcecode.swift";
"path" = "App/SettingsWindowController.swift";
"sourceTree" = "<group>";
};
"C4E18BE8749C576C28860D02" = {
"isa" = "PBXFileReference";
"lastKnownFileType" = "sourcecode.swift";
"path" = "App/UpdateController.swift";
"sourceTree" = "<group>";
};
"487029ABA0C58EE21B5F45AD" = {
"isa" = "PBXFileReference";
"lastKnownFileType" = "sourcecode.swift";
"path" = "Shared/Models.swift";
"sourceTree" = "<group>";
};
"43B654BF3F3E48FF4B3A1D9C" = {
"isa" = "PBXFileReference";
"lastKnownFileType" = "sourcecode.swift";
"path" = "Shared/OpenAICostClient.swift";
"sourceTree" = "<group>";
};
"5CEFC582B19A661F4B217E3E" = {
"isa" = "PBXFileReference";
"lastKnownFileType" = "sourcecode.swift";
"path" = "Shared/OpenRouterCostClient.swift";
"sourceTree" = "<group>";
};
"105D3A6972DCCF59F16DE10A" = {
"isa" = "PBXFileReference";
"lastKnownFileType" = "sourcecode.swift";
"path" = "Shared/Parsers.swift";
"sourceTree" = "<group>";
};
"5D644108F76AFC14632A4974" = {
"isa" = "PBXFileReference";
"lastKnownFileType" = "sourcecode.swift";
"path" = "Shared/ProviderViews.swift";
"sourceTree" = "<group>";
};
"41C009BEDB36C19582B50E33" = {
"isa" = "PBXFileReference";
"lastKnownFileType" = "sourcecode.swift";
"path" = "Shared/SnapshotStore.swift";
"sourceTree" = "<group>";
};
"8E43016A374FBB5BBAB6C568" = {
"isa" = "PBXFileReference";
"lastKnownFileType" = "sourcecode.swift";
"path" = "Shared/UpdateCheckPolicy.swift";
"sourceTree" = "<group>";
};
"7545A4FF0AC3B68F7F46FD43" = {
"isa" = "PBXFileReference";
"lastKnownFileType" = "sourcecode.swift";
"path" = "Shared/UsageRefreshInterval.swift";
"sourceTree" = "<group>";
};
"FD58343E0944CA1E32B9A6BD" = {
"isa" = "PBXFileReference";
"lastKnownFileType" = "sourcecode.swift";
"path" = "Widget/AIPulseWidget.swift";
"sourceTree" = "<group>";
};
"3685E330EC5277A9DD5661C6" = {
"isa" = "PBXFileReference";
"lastKnownFileType" = "folder.assetcatalog";
"path" = "Resources/Assets.xcassets";
"sourceTree" = "<group>";
};
"8BCD5BC4CDFDF0918087C782" = {
"isa" = "PBXFileReference";
"explicitFileType" = "wrapper.application";
"path" = "AI Pulse.app";
"sourceTree" = "BUILT_PRODUCTS_DIR";
};
"F231F6FE549E641636571AA6" = {
"isa" = "PBXFileReference";
"explicitFileType" = "wrapper.app-extension";
"path" = "AIPulseWidget.appex";
"sourceTree" = "BUILT_PRODUCTS_DIR";
};
"FBDC4F23F93125BBEEAE800C" = {
"isa" = "PBXGroup";
"children" = ("8BCD5BC4CDFDF0918087C782","F231F6FE549E641636571AA6");
"name" = "Products";
"sourceTree" = "<group>";
};
"B28B7AF69320201D1CF206EB" = {
"isa" = "PBXGroup";
"children" = ("DA574B11ACF85E9A3EEC8778","7BAAB1AFDD713EAD85DA267B","A320AB13C5121522EFA229FF","A6C27248FF597AAFB92A53B0","5722A5B09F2265ADED4227F7","C003F539E317294237DC84D0","C4E18BE8749C576C28860D02","487029ABA0C58EE21B5F45AD","43B654BF3F3E48FF4B3A1D9C","5CEFC582B19A661F4B217E3E","105D3A6972DCCF59F16DE10A","5D644108F76AFC14632A4974","41C009BEDB36C19582B50E33","8E43016A374FBB5BBAB6C568","7545A4FF0AC3B68F7F46FD43","FD58343E0944CA1E32B9A6BD","3685E330EC5277A9DD5661C6","C840D118DAEAC8FCE5A8BBF6","FBDC4F23F93125BBEEAE800C");
"sourceTree" = "<group>";
};
"89E1FD6268CC0F221A2BE178" = {
"isa" = "XCBuildConfiguration";
"buildSettings" = {
"SDKROOT" = "macosx";
"MACOSX_DEPLOYMENT_TARGET" = "14.0";
"SWIFT_VERSION" = "5.0";
"CLANG_ENABLE_MODULES" = "YES";
"CODE_SIGN_STYLE" = "Manual";
"CODE_SIGN_INJECT_BASE_ENTITLEMENTS" = "NO";
"CODE_SIGN_IDENTITY" = "Developer ID Application";
"DEVELOPMENT_TEAM" = "EJ77LX9A8T";
"ENABLE_HARDENED_RUNTIME" = "YES";
"CURRENT_PROJECT_VERSION" = "6";
"MARKETING_VERSION" = "1.3";
"GENERATE_INFOPLIST_FILE" = "NO";
"SWIFT_OPTIMIZATION_LEVEL" = "-Onone";
"DEBUG_INFORMATION_FORMAT" = "dwarf";
};
"name" = "Debug";
};
"E6DE6C99132752C914FEF632" = {
"isa" = "XCBuildConfiguration";
"buildSettings" = {
"SDKROOT" = "macosx";
"MACOSX_DEPLOYMENT_TARGET" = "14.0";
"SWIFT_VERSION" = "5.0";
"CLANG_ENABLE_MODULES" = "YES";
"CODE_SIGN_STYLE" = "Manual";
"CODE_SIGN_INJECT_BASE_ENTITLEMENTS" = "NO";
"CODE_SIGN_IDENTITY" = "Developer ID Application";
"DEVELOPMENT_TEAM" = "EJ77LX9A8T";
"ENABLE_HARDENED_RUNTIME" = "YES";
"CURRENT_PROJECT_VERSION" = "6";
"MARKETING_VERSION" = "1.3";
"GENERATE_INFOPLIST_FILE" = "NO";
"SWIFT_OPTIMIZATION_LEVEL" = "-O";
"DEBUG_INFORMATION_FORMAT" = "dwarf";
};
"name" = "Release";
};
"862894B703A6DEDF96A9DD6C" = {
"isa" = "XCConfigurationList";
"buildConfigurations" = ("89E1FD6268CC0F221A2BE178","E6DE6C99132752C914FEF632");
"defaultConfigurationIsVisible" = "0";
"defaultConfigurationName" = "Release";
};
"837EA3C65C03E20E769CD278" = {
"isa" = "PBXBuildFile";
"fileRef" = "DA574B11ACF85E9A3EEC8778";
};
"E6E07E73E46B5CFD6AB30E6B" = {
"isa" = "PBXBuildFile";
"fileRef" = "7BAAB1AFDD713EAD85DA267B";
};
"53AB4AE740C91DD3912A9836" = {
"isa" = "PBXBuildFile";
"fileRef" = "A320AB13C5121522EFA229FF";
};
"3CE1950957B3D255481A5C2B" = {
"isa" = "PBXBuildFile";
"fileRef" = "A6C27248FF597AAFB92A53B0";
};
"793328DB52F56D9BCDCAE6E4" = {
"isa" = "PBXBuildFile";
"fileRef" = "5722A5B09F2265ADED4227F7";
};
"F663E2B4D339DD2BB7C5419B" = {
"isa" = "PBXBuildFile";
"fileRef" = "C003F539E317294237DC84D0";
};
"410AB6180FEFBFA8456C2A00" = {
"isa" = "PBXBuildFile";
"fileRef" = "C4E18BE8749C576C28860D02";
};
"C50A344034488D11CCA45FB3" = {
"isa" = "PBXBuildFile";
"fileRef" = "487029ABA0C58EE21B5F45AD";
};
"ECA6EA5CE5253B77BC61FBE3" = {
"isa" = "PBXBuildFile";
"fileRef" = "43B654BF3F3E48FF4B3A1D9C";
};
"44A5263CBB27E0BCDD8E9D24" = {
"isa" = "PBXBuildFile";
"fileRef" = "5CEFC582B19A661F4B217E3E";
};
"0CBFE558265C73871DACFD3F" = {
"isa" = "PBXBuildFile";
"fileRef" = "105D3A6972DCCF59F16DE10A";
};
"ABC573E715A6B363F18619DB" = {
"isa" = "PBXBuildFile";
"fileRef" = "5D644108F76AFC14632A4974";
};
"C09171879AA2369F18FE11C9" = {
"isa" = "PBXBuildFile";
"fileRef" = "41C009BEDB36C19582B50E33";
};
"ADD96728C3CF4A504E32E895" = {
"isa" = "PBXBuildFile";
"fileRef" = "8E43016A374FBB5BBAB6C568";
};
"E140C48CB7A0E2019A806CCF" = {
"isa" = "PBXBuildFile";
"fileRef" = "7545A4FF0AC3B68F7F46FD43";
};
"2D764CD838DB39F040AA7EC4" = {
"isa" = "PBXSourcesBuildPhase";
"buildActionMask" = "2147483647";
"files" = ("837EA3C65C03E20E769CD278","E6E07E73E46B5CFD6AB30E6B","53AB4AE740C91DD3912A9836","3CE1950957B3D255481A5C2B","793328DB52F56D9BCDCAE6E4","F663E2B4D339DD2BB7C5419B","410AB6180FEFBFA8456C2A00","C50A344034488D11CCA45FB3","ECA6EA5CE5253B77BC61FBE3","44A5263CBB27E0BCDD8E9D24","0CBFE558265C73871DACFD3F","ABC573E715A6B363F18619DB","C09171879AA2369F18FE11C9","ADD96728C3CF4A504E32E895","E140C48CB7A0E2019A806CCF");
"runOnlyForDeploymentPostprocessing" = "0";
};
"6A6B0DE9818F70E537A53537" = {
"isa" = "PBXBuildFile";
"fileRef" = "3685E330EC5277A9DD5661C6";
};
"06F5DC629BD46AAFD46564D1" = {
"isa" = "PBXResourcesBuildPhase";
"buildActionMask" = "2147483647";
"files" = ("6A6B0DE9818F70E537A53537");
"runOnlyForDeploymentPostprocessing" = "0";
};
"F48165B897939F3A946C81B0" = {
"isa" = "PBXBuildFile";
"fileRef" = "C840D118DAEAC8FCE5A8BBF6";
};
"90F04A515A556D6F817CEAEE" = {
"isa" = "PBXFrameworksBuildPhase";
"buildActionMask" = "2147483647";
"files" = ("F48165B897939F3A946C81B0");
"runOnlyForDeploymentPostprocessing" = "0";
};
"3AA85DA066E870A5F7013796" = {
"isa" = "PBXBuildFile";
"fileRef" = "C840D118DAEAC8FCE5A8BBF6";
"settings" = {
"ATTRIBUTES" = ("CodeSignOnCopy","RemoveHeadersOnCopy");
};
};
"5AB86B47DA71540DB55831B3" = {
"isa" = "PBXCopyFilesBuildPhase";
"buildActionMask" = "2147483647";
"dstPath" = "";
"dstSubfolderSpec" = "10";
"files" = ("3AA85DA066E870A5F7013796");
"name" = "Embed Sparkle";
"runOnlyForDeploymentPostprocessing" = "0";
};
"D799BAE6088A90139B415FCC" = {
"isa" = "PBXContainerItemProxy";
"containerPortal" = "98F54143AB4E86B28C3AFEE0";
"proxyType" = "1";
"remoteGlobalIDString" = "704A160D8849979DE00DDB64";
"remoteInfo" = "AIPulseWidget";
};
"DE58E2B17C19600779694943" = {
"isa" = "PBXTargetDependency";
"target" = "704A160D8849979DE00DDB64";
"targetProxy" = "D799BAE6088A90139B415FCC";
};
"265BC4FD28C528304F1AC67C" = {
"isa" = "PBXBuildFile";
"fileRef" = "F231F6FE549E641636571AA6";
"settings" = {
"ATTRIBUTES" = ("RemoveHeadersOnCopy");
};
};
"CFFF27C96089B93150F3553B" = {
"isa" = "PBXCopyFilesBuildPhase";
"buildActionMask" = "2147483647";
"dstPath" = "";
"dstSubfolderSpec" = "13";
"files" = ("265BC4FD28C528304F1AC67C");
"name" = "Embed App Extensions";
"runOnlyForDeploymentPostprocessing" = "0";
};
"E9B2E96ABC5F6856F2BE79CF" = {
"isa" = "XCBuildConfiguration";
"buildSettings" = {
"ASSETCATALOG_COMPILER_APPICON_NAME" = "AppIcon";
"PRODUCT_NAME" = "AI Pulse";
"PRODUCT_BUNDLE_IDENTIFIER" = "nl.martijn.aipulse";
"INFOPLIST_FILE" = "Config/app.plist";
"CODE_SIGN_ENTITLEMENTS" = "Config/app.entitlements";
"FRAMEWORK_SEARCH_PATHS" = ("$(inherited)","$(PROJECT_DIR)/Vendor");
"LD_RUNPATH_SEARCH_PATHS" = ("$(inherited)","@executable_path/../Frameworks");
"SKIP_INSTALL" = "NO";
"APPLICATION_EXTENSION_API_ONLY" = "NO";
"SWIFT_OPTIMIZATION_LEVEL" = "-Onone";
"DEBUG_INFORMATION_FORMAT" = "dwarf";
};
"name" = "Debug";
};
"5A8C91857F674E16E2724F47" = {
"isa" = "XCBuildConfiguration";
"buildSettings" = {
"ASSETCATALOG_COMPILER_APPICON_NAME" = "AppIcon";
"PRODUCT_NAME" = "AI Pulse";
"PRODUCT_BUNDLE_IDENTIFIER" = "nl.martijn.aipulse";
"INFOPLIST_FILE" = "Config/app.plist";
"CODE_SIGN_ENTITLEMENTS" = "Config/app.entitlements";
"FRAMEWORK_SEARCH_PATHS" = ("$(inherited)","$(PROJECT_DIR)/Vendor");
"LD_RUNPATH_SEARCH_PATHS" = ("$(inherited)","@executable_path/../Frameworks");
"SKIP_INSTALL" = "NO";
"APPLICATION_EXTENSION_API_ONLY" = "NO";
"SWIFT_OPTIMIZATION_LEVEL" = "-O";
"DEBUG_INFORMATION_FORMAT" = "dwarf";
};
"name" = "Release";
};
"F37922C48DA5978D02C9E50E" = {
"isa" = "XCConfigurationList";
"buildConfigurations" = ("E9B2E96ABC5F6856F2BE79CF","5A8C91857F674E16E2724F47");
"defaultConfigurationIsVisible" = "0";
"defaultConfigurationName" = "Release";
};
"C13732C8E715C9BEE4FA51C9" = {
"isa" = "PBXNativeTarget";
"buildConfigurationList" = "F37922C48DA5978D02C9E50E";
"buildPhases" = ("2D764CD838DB39F040AA7EC4","06F5DC629BD46AAFD46564D1","90F04A515A556D6F817CEAEE","5AB86B47DA71540DB55831B3","CFFF27C96089B93150F3553B");
"buildRules" = ();
"dependencies" = ("DE58E2B17C19600779694943");
"name" = "AIPulse";
"productName" = "AI Pulse";
"productReference" = "8BCD5BC4CDFDF0918087C782";
"productType" = "com.apple.product-type.application";
};
"745557009EFEB2D578567D18" = {
"isa" = "PBXBuildFile";
"fileRef" = "487029ABA0C58EE21B5F45AD";
};
"1BEF5E88779C4494E540157C" = {
"isa" = "PBXBuildFile";
"fileRef" = "5D644108F76AFC14632A4974";
};
"1BB03360B4EADF023184F9BE" = {
"isa" = "PBXBuildFile";
"fileRef" = "41C009BEDB36C19582B50E33";
};
"1B61519148AFF2AFF126719B" = {
"isa" = "PBXBuildFile";
"fileRef" = "8E43016A374FBB5BBAB6C568";
};
"71D6CD1C679A848F95C161A4" = {
"isa" = "PBXBuildFile";
"fileRef" = "7545A4FF0AC3B68F7F46FD43";
};
"7CCE728E716BEBCC6F887A96" = {
"isa" = "PBXBuildFile";
"fileRef" = "FD58343E0944CA1E32B9A6BD";
};
"E4CC8FC1F5258A819A1DC0F6" = {
"isa" = "PBXSourcesBuildPhase";
"buildActionMask" = "2147483647";
"files" = ("745557009EFEB2D578567D18","1BEF5E88779C4494E540157C","1BB03360B4EADF023184F9BE","1B61519148AFF2AFF126719B","71D6CD1C679A848F95C161A4","7CCE728E716BEBCC6F887A96");
"runOnlyForDeploymentPostprocessing" = "0";
};
"0924819F56A5FB566C769390" = {
"isa" = "PBXBuildFile";
"fileRef" = "3685E330EC5277A9DD5661C6";
};
"2AFA3A73EAF91A047F3FF093" = {
"isa" = "PBXResourcesBuildPhase";
"buildActionMask" = "2147483647";
"files" = ("0924819F56A5FB566C769390");
"runOnlyForDeploymentPostprocessing" = "0";
};
"8EEBAB68363C2B0DAE00DB30" = {
"isa" = "XCBuildConfiguration";
"buildSettings" = {
"ASSETCATALOG_COMPILER_APPICON_NAME" = "";
"PRODUCT_NAME" = "AIPulseWidget";
"PRODUCT_BUNDLE_IDENTIFIER" = "nl.martijn.aipulse.widget";
"INFOPLIST_FILE" = "Config/widget.plist";
"CODE_SIGN_ENTITLEMENTS" = "Config/widget.entitlements";
"FRAMEWORK_SEARCH_PATHS" = ("$(inherited)","$(PROJECT_DIR)/Vendor");
"LD_RUNPATH_SEARCH_PATHS" = ("$(inherited)","@executable_path/../Frameworks");
"SKIP_INSTALL" = "YES";
"APPLICATION_EXTENSION_API_ONLY" = "YES";
"SWIFT_OPTIMIZATION_LEVEL" = "-Onone";
"DEBUG_INFORMATION_FORMAT" = "dwarf";
};
"name" = "Debug";
};
"9B3B545F8CBA1ACB550689D3" = {
"isa" = "XCBuildConfiguration";
"buildSettings" = {
"ASSETCATALOG_COMPILER_APPICON_NAME" = "";
"PRODUCT_NAME" = "AIPulseWidget";
"PRODUCT_BUNDLE_IDENTIFIER" = "nl.martijn.aipulse.widget";
"INFOPLIST_FILE" = "Config/widget.plist";
"CODE_SIGN_ENTITLEMENTS" = "Config/widget.entitlements";
"FRAMEWORK_SEARCH_PATHS" = ("$(inherited)","$(PROJECT_DIR)/Vendor");
"LD_RUNPATH_SEARCH_PATHS" = ("$(inherited)","@executable_path/../Frameworks");
"SKIP_INSTALL" = "YES";
"APPLICATION_EXTENSION_API_ONLY" = "YES";
"SWIFT_OPTIMIZATION_LEVEL" = "-O";
"DEBUG_INFORMATION_FORMAT" = "dwarf";
};
"name" = "Release";
};
"9ED0E5B5BC01E6B082EFBF74" = {
"isa" = "XCConfigurationList";
"buildConfigurations" = ("8EEBAB68363C2B0DAE00DB30","9B3B545F8CBA1ACB550689D3");
"defaultConfigurationIsVisible" = "0";
"defaultConfigurationName" = "Release";
};
"704A160D8849979DE00DDB64" = {
"isa" = "PBXNativeTarget";
"buildConfigurationList" = "9ED0E5B5BC01E6B082EFBF74";
"buildPhases" = ("E4CC8FC1F5258A819A1DC0F6","2AFA3A73EAF91A047F3FF093");
"buildRules" = ();
"dependencies" = ();
"name" = "AIPulseWidget";
"productName" = "AIPulseWidget";
"productReference" = "F231F6FE549E641636571AA6";
"productType" = "com.apple.product-type.app-extension";
};
"98F54143AB4E86B28C3AFEE0" = {
"isa" = "PBXProject";
"attributes" = {
"LastUpgradeCheck" = "1600";
"BuildIndependentTargetsInParallel" = "YES";
};
"buildConfigurationList" = "862894B703A6DEDF96A9DD6C";
"compatibilityVersion" = "Xcode 14.0";
"developmentRegion" = "en";
"hasScannedForEncodings" = "0";
"knownRegions" = ("en","Base");
"mainGroup" = "B28B7AF69320201D1CF206EB";
"productRefGroup" = "FBDC4F23F93125BBEEAE800C";
"projectDirPath" = "";
"projectRoot" = "";
"targets" = ("C13732C8E715C9BEE4FA51C9","704A160D8849979DE00DDB64");
};
};
"rootObject" = "98F54143AB4E86B28C3AFEE0";
}